
Microsoft Visual Studio Solution File, Format Version 12.00
# Visual Studio 15
VisualStudioVersion = 15.0.27703.2026
MinimumVisualStudioVersion = 10.0.40219.1
Project("{FAE04EC0-301F-11D3-BF4B-00C04F79EFBC}") = "GameX", "GameX\GameX.csproj", "{45C1496B-0839-4809-AC14-2DFE0C75B714}"
EndProject
Global
	GlobalSection(SolutionConfigurationPlatforms) = preSolution
		Debug|Any CPU = Debug|Any CPU
		Release|Any CPU = Release|Any CPU
	EndGlobalSection
	GlobalSection(ProjectConfigurationPlatforms) = postSolution
		{45C1496B-0839-4809-AC14-2DFE0C75B714}.Debug|Any CPU.ActiveCfg = Debug|Any CPU
		{45C1496B-0839-4809-AC14-2DFE0C75B714}.Debug|Any CPU.Build.0 = Debug|Any CPU
		{45C1496B-0839-4809-AC14-2DFE0C75B714}.Release|Any CPU.ActiveCfg = Release|Any CPU
		{45C1496B-0839-4809-AC14-2DFE0C75B714}.Release|Any CPU.Build.0 = Release|Any CPU
	EndGlobalSection
	GlobalSection(SolutionProperties) = preSolution
		HideSolutionNode = FALSE
	EndGlobalSection
	GlobalSection(ExtensibilityGlobals) = postSolution
		SolutionGuid = {A2DA3AA8-D100-4C2D-8D01-3684F90D8AEE}
	EndGlobalSection
EndGlobal
